
Microsoft Visual Studio Solution File, Format Version 12.00
# Visual Studio Version 17
VisualStudioVersion = 17.13.36105.23 d17.13
MinimumVisualStudioVersion = 10.0.40219.1
Project("{FAE04EC0-301F-11D3-BF4B-00C04F79EFBC}") = "FunctionRunner", "FunctionRunner.csproj", "{EBBF8BF7-624F-CD58-8F7D-03E53D26FC23}"
EndProject
Global
	GlobalSection(SolutionConfigurationPlatforms) = preSolution
		Debug|Any CPU = Debug|Any CPU
		Release|Any CPU = Release|Any CPU
	EndGlobalSection
	GlobalSection(ProjectConfigurationPlatforms) = postSolution
		{EBBF8BF7-624F-CD58-8F7D-03E53D26FC23}.Debug|Any CPU.ActiveCfg = Debug|Any CPU
		{EBBF8BF7-624F-CD58-8F7D-03E53D26FC23}.Debug|Any CPU.Build.0 = Debug|Any CPU
		{EBBF8BF7-624F-CD58-8F7D-03E53D26FC23}.Release|Any CPU.ActiveCfg = Release|Any CPU
		{EBBF8BF7-624F-CD58-8F7D-03E53D26FC23}.Release|Any CPU.Build.0 = Release|Any CPU
	EndGlobalSection
	GlobalSection(SolutionProperties) = preSolution
		HideSolutionNode = FALSE
	EndGlobalSection
	GlobalSection(ExtensibilityGlobals) = postSolution
		SolutionGuid = {0A9E97D8-D45A-4033-A75E-D5D6190EF8EF}
	EndGlobalSection
EndGlobal
