
Microsoft Visual Studio Solution File, Format Version 12.00
# Visual Studio Version 17
VisualStudioVersion = 17.11.35327.3
MinimumVisualStudioVersion = 10.0.40219.1
Project("{9A19103F-16F7-4668-BE54-9A1E7A4F7556}") = "MessageSender", "MessageSender\MessageSender.csproj", "{FA162742-6332-4B04-B84E-0F715D05A9B5}"
EndProject
Project("{9A19103F-16F7-4668-BE54-9A1E7A4F7556}") = "MessageReceiver", "MessageReceiver\MessageReceiver.csproj", "{EA497B38-375A-4049-9053-8C375DEC2959}"
EndProject
Project("{FAE04EC0-301F-11D3-BF4B-00C04F79EFBC}") = "FunctionRunner", "FunctionRunner\FunctionRunner.csproj", "{3FB736D7-48EB-45E9-A100-BB1379AB3A1B}"
EndProject
Project("{FAE04EC0-301F-11D3-BF4B-00C04F79EFBC}") = "FunctionsApp", "FunctionsApp\FunctionsApp.csproj", "{EC5CB863-72ED-FAA8-E9C6-9F67BB01358D}"
EndProject
Project("{FAE04EC0-301F-11D3-BF4B-00C04F79EFBC}") = "FunctionsApp2", "FunctionsApp2\FunctionsApp2.csproj", "{E4F7CC8C-7E72-4C5D-B772-3BDB1F447A75}"
EndProject
Project("{FAE04EC0-301F-11D3-BF4B-00C04F79EFBC}") = "FunctionsApp3", "FunctionsApp3\FunctionsApp3.csproj", "{5894DFF0-0439-4126-8B60-8C27DCCE0021}"
EndProject
Global
	GlobalSection(SolutionConfigurationPlatforms) = preSolution
		Debug|Any CPU = Debug|Any CPU
		Release|Any CPU = Release|Any CPU
	EndGlobalSection
	GlobalSection(ProjectConfigurationPlatforms) = postSolution
		{FA162742-6332-4B04-B84E-0F715D05A9B5}.Debug|Any CPU.ActiveCfg = Debug|Any CPU
		{FA162742-6332-4B04-B84E-0F715D05A9B5}.Debug|Any CPU.Build.0 = Debug|Any CPU
		{FA162742-6332-4B04-B84E-0F715D05A9B5}.Release|Any CPU.ActiveCfg = Release|Any CPU
		{FA162742-6332-4B04-B84E-0F715D05A9B5}.Release|Any CPU.Build.0 = Release|Any CPU
		{EA497B38-375A-4049-9053-8C375DEC2959}.Debug|Any CPU.ActiveCfg = Debug|Any CPU
		{EA497B38-375A-4049-9053-8C375DEC2959}.Debug|Any CPU.Build.0 = Debug|Any CPU
		{EA497B38-375A-4049-9053-8C375DEC2959}.Release|Any CPU.ActiveCfg = Release|Any CPU
		{EA497B38-375A-4049-9053-8C375DEC2959}.Release|Any CPU.Build.0 = Release|Any CPU
		{3FB736D7-48EB-45E9-A100-BB1379AB3A1B}.Debug|Any CPU.ActiveCfg = Debug|Any CPU
		{3FB736D7-48EB-45E9-A100-BB1379AB3A1B}.Debug|Any CPU.Build.0 = Debug|Any CPU
		{3FB736D7-48EB-45E9-A100-BB1379AB3A1B}.Release|Any CPU.ActiveCfg = Release|Any CPU
		{3FB736D7-48EB-45E9-A100-BB1379AB3A1B}.Release|Any CPU.Build.0 = Release|Any CPU
		{EC5CB863-72ED-FAA8-E9C6-9F67BB01358D}.Debug|Any CPU.ActiveCfg = Debug|Any CPU
		{EC5CB863-72ED-FAA8-E9C6-9F67BB01358D}.Debug|Any CPU.Build.0 = Debug|Any CPU
		{EC5CB863-72ED-FAA8-E9C6-9F67BB01358D}.Release|Any CPU.ActiveCfg = Release|Any CPU
		{EC5CB863-72ED-FAA8-E9C6-9F67BB01358D}.Release|Any CPU.Build.0 = Release|Any CPU
		{E4F7CC8C-7E72-4C5D-B772-3BDB1F447A75}.Debug|Any CPU.ActiveCfg = Debug|Any CPU
		{E4F7CC8C-7E72-4C5D-B772-3BDB1F447A75}.Debug|Any CPU.Build.0 = Debug|Any CPU
		{E4F7CC8C-7E72-4C5D-B772-3BDB1F447A75}.Release|Any CPU.ActiveCfg = Release|Any CPU
		{E4F7CC8C-7E72-4C5D-B772-3BDB1F447A75}.Release|Any CPU.Build.0 = Release|Any CPU
		{5894DFF0-0439-4126-8B60-8C27DCCE0021}.Debug|Any CPU.ActiveCfg = Debug|Any CPU
		{5894DFF0-0439-4126-8B60-8C27DCCE0021}.Debug|Any CPU.Build.0 = Debug|Any CPU
		{5894DFF0-0439-4126-8B60-8C27DCCE0021}.Release|Any CPU.ActiveCfg = Release|Any CPU
		{5894DFF0-0439-4126-8B60-8C27DCCE0021}.Release|Any CPU.Build.0 = Release|Any CPU
	EndGlobalSection
	GlobalSection(SolutionProperties) = preSolution
		HideSolutionNode = FALSE
	EndGlobalSection
	GlobalSection(ExtensibilityGlobals) = postSolution
		SolutionGuid = {FE5B2BAD-8E40-4704-9928-7400319B37B1}
	EndGlobalSection
EndGlobal
